// !$*UTF8*$!
{
	archiveVersion = 1;
	classes = {
	};
	objectVersion = 45;
	objects = {

/* Begin PBXBuildFile section */
		1DDD58160DA1D0A300B32029 /* MainMenu.xib in Resources */ = {isa = PBXBuildFile; fileRef = 1DDD58140DA1D0A300B32029 /* MainMenu.xib */; };
		256AC3DA0F4B6AC300CF3369 /* _sheetAppDelegate.m in Sources */ = {isa = PBXBuildFile; fileRef = 256AC3D90F4B6AC300CF3369 /* _sheetAppDelegate.m */; };
		8626394C13009CDA00705E01 /* ImageBrowserController.m in Sources */ = {isa = PBXBuildFile; fileRef = 8626394B13009CDA00705E01 /* ImageBrowserController.m */; };
		8626395713009E6E00705E01 /* Quartz.framework in Frameworks */ = {isa = PBXBuildFile; fileRef = 8626395613009E6E00705E01 /* Quartz.framework */; };
		8688B05D12FC6AAE008D34D9 /* DBPrefsWindowController.m in Sources */ = {isa = PBXBuildFile; fileRef = 8688B05A12FC6AAE008D34D9 /* DBPrefsWindowController.m */; };
		8688B05E12FC6AAE008D34D9 /* PreferencesController.m in Sources */ = {isa = PBXBuildFile; fileRef = 8688B05C12FC6AAE008D34D9 /* PreferencesController.m */; };
		8688B07812FC6C88008D34D9 /* Preferences.nib in Resources */ = {isa = PBXBuildFile; fileRef = 8688B07712FC6C87008D34D9 /* Preferences.nib */; };
		86B998B7130318E0008D8891 /* ImageDownloader.m in Sources */ = {isa = PBXBuildFile; fileRef = 86B998B6130318E0008D8891 /* ImageDownloader.m */; };
		86E58AAC1165E22B009D41A1 /* creature.icns in Resources */ = {isa = PBXBuildFile; fileRef = 86E58AAB1165E22B009D41A1 /* creature.icns */; };
		86E96C5B115EC924003F07CE /* ApplicationController.m in Sources */ = {isa = PBXBuildFile; fileRef = 86E96C5A115EC924003F07CE /* ApplicationController.m */; };
		86E96D50115EDC56003F07CE /* OpenIndexSheetForDirectory.scpt in Resources */ = {isa = PBXBuildFile; fileRef = 86E96D4D115EDC33003F07CE /* OpenIndexSheetForDirectory.scpt */; };
		86E96DB3115EE696003F07CE /* RegexKitLite.m in Sources */ = {isa = PBXBuildFile; fileRef = 86E96DB2115EE696003F07CE /* RegexKitLite.m */; };
		86EED3F212FD762F00002280 /* Defaults.plist in Resources */ = {isa = PBXBuildFile; fileRef = 86EED3F112FD762F00002280 /* Defaults.plist */; };
		86EED5F012FE10E400002280 /* BWToolkitFramework.framework in Frameworks */ = {isa = PBXBuildFile; fileRef = 86EED5EF12FE10E400002280 /* BWToolkitFramework.framework */; };
		86EED63512FE13F400002280 /* BWToolkitFramework.framework in CopyFiles */ = {isa = PBXBuildFile; fileRef = 86EED5EF12FE10E400002280 /* BWToolkitFramework.framework */; };
		8D11072B0486CEB800E47090 /* InfoPlist.strings in Resources */ = {isa = PBXBuildFile; fileRef = 089C165CFE840E0CC02AAC07 /* InfoPlist.strings */; };
		8D11072D0486CEB800E47090 /* main.m in Sources */ = {isa = PBXBuildFile; fileRef = 29B97316FDCFA39411CA2CEA /* main.m */; settings = {ATTRIBUTES = (); }; };
		8D11072F0486CEB800E47090 /* Cocoa.framework in Frameworks */ = {isa = PBXBuildFile; fileRef = 1058C7A1FEA54F0111CA2CBB /* Cocoa.framework */; };
/* End PBXBuildFile section */

/* Begin PBXCopyFilesBuildPhase section */
		86D39AE9116A5F8400780462 /* CopyFiles */ = {
			isa = PBXCopyFilesBuildPhase;
			buildActionMask = 2147483647;
			dstPath = "";
			dstSubfolderSpec = 10;
			files = (
				86EED63512FE13F400002280 /* BWToolkitFramework.framework in CopyFiles */,
			);
			runOnlyForDeploymentPostprocessing = 0;
		};
/* End PBXCopyFilesBuildPhase section */

/* Begin PBXFileReference section */
		089C165DFE840E0CC02AAC07 /* InfoPlist.strings */ = {isa = PBXFileReference; fileEncoding = 4; lastKnownFileType = text.plist.strings; name = InfoPlist.strings; path = Resources/English.lproj/InfoPlist.strings; sourceTree = "<group>"; };
		1058C7A1FEA54F0111CA2CBB /* Cocoa.framework */ = {isa = PBXFileReference; lastKnownFileType = wrapper.framework; name = Cocoa.framework; path = /System/Library/Frameworks/Cocoa.framework; sourceTree = "<absolute>"; };
		13E42FB307B3F0F600E4EEF1 /* CoreData.framework */ = {isa = PBXFileReference; lastKnownFileType = wrapper.framework; name = CoreData.framework; path = /System/Library/Frameworks/CoreData.framework; sourceTree = "<absolute>"; };
		1DDD58150DA1D0A300B32029 /* MainMenu.xib */ = {isa = PBXFileReference; lastKnownFileType = file.xib; path = MainMenu.xib; sourceTree = "<group>"; };
		256AC3D80F4B6AC300CF3369 /* _sheetAppDelegate.h */ = {isa = PBXFileReference; fileEncoding = 4; lastKnownFileType = sourcecode.c.h; path = _sheetAppDelegate.h; sourceTree = "<group>"; };
		256AC3D90F4B6AC300CF3369 /* _sheetAppDelegate.m */ = {isa = PBXFileReference; fileEncoding = 4; lastKnownFileType = sourcecode.c.objc; path = _sheetAppDelegate.m; sourceTree = "<group>"; };
		256AC3F00F4B6AF500CF3369 /* _sheet_Prefix.pch */ = {isa = PBXFileReference; fileEncoding = 4; lastKnownFileType = sourcecode.c.h; path = _sheet_Prefix.pch; sourceTree = "<group>"; };
		29B97316FDCFA39411CA2CEA /* main.m */ = {isa = PBXFileReference; fileEncoding = 4; lastKnownFileType = sourcecode.c.objc; path = main.m; sourceTree = "<group>"; };
		29B97324FDCFA39411CA2CEA /* AppKit.framework */ = {isa = PBXFileReference; lastKnownFileType = wrapper.framework; name = AppKit.framework; path = /System/Library/Frameworks/AppKit.framework; sourceTree = "<absolute>"; };
		29B97325FDCFA39411CA2CEA /* Foundation.framework */ = {isa = PBXFileReference; lastKnownFileType = wrapper.framework; name = Foundation.framework; path = /System/Library/Frameworks/Foundation.framework; sourceTree = "<absolute>"; };
		8626394A13009CDA00705E01 /* ImageBrowserController.h */ = {isa = PBXFileReference; fileEncoding = 4; lastKnownFileType = sourcecode.c.h; path = ImageBrowserController.h; sourceTree = "<group>"; };
		8626394B13009CDA00705E01 /* ImageBrowserController.m */ = {isa = PBXFileReference; fileEncoding = 4; lastKnownFileType = sourcecode.c.objc; path = ImageBrowserController.m; sourceTree = "<group>"; };
		8626395613009E6E00705E01 /* Quartz.framework */ = {isa = PBXFileReference; lastKnownFileType = wrapper.framework; name = Quartz.framework; path = System/Library/Frameworks/Quartz.framework; sourceTree = SDKROOT; };
		8688B05912FC6AAE008D34D9 /* DBPrefsWindowController.h */ = {isa = PBXFileReference; fileEncoding = 4; lastKnownFileType = sourcecode.c.h; name = DBPrefsWindowController.h; path = Classes/DBPrefsWindowController.h; sourceTree = "<group>"; };
		8688B05A12FC6AAE008D34D9 /* DBPrefsWindowController.m */ = {isa = PBXFileReference; fileEncoding = 4; lastKnownFileType = sourcecode.c.objc; name = DBPrefsWindowController.m; path = Classes/DBPrefsWindowController.m; sourceTree = "<group>"; };
		8688B05B12FC6AAE008D34D9 /* PreferencesController.h */ = {isa = PBXFileReference; fileEncoding = 4; lastKnownFileType = sourcecode.c.h; name = PreferencesController.h; path = Classes/PreferencesController.h; sourceTree = "<group>"; };
		8688B05C12FC6AAE008D34D9 /* PreferencesController.m */ = {isa = PBXFileReference; fileEncoding = 4; lastKnownFileType = sourcecode.c.objc; name = PreferencesController.m; path = Classes/PreferencesController.m; sourceTree = "<group>"; };
		8688B06A12FC6B24008D34D9 /* ApplicationController.h */ = {isa = PBXFileReference; fileEncoding = 4; lastKnownFileType = sourcecode.c.h; name = ApplicationController.h; path = Classes/ApplicationController.h; sourceTree = "<group>"; };
		8688B07712FC6C87008D34D9 /* Preferences.nib */ = {isa = PBXFileReference; lastKnownFileType = wrapper.nib; name = Preferences.nib; path = Resources/Preferences.nib; sourceTree = "<group>"; };
		86B998B5130318E0008D8891 /* ImageDownloader.h */ = {isa = PBXFileReference; fileEncoding = 4; lastKnownFileType = sourcecode.c.h; path = ImageDownloader.h; sourceTree = "<group>"; };
		86B998B6130318E0008D8891 /* ImageDownloader.m */ = {isa = PBXFileReference; fileEncoding = 4; lastKnownFileType = sourcecode.c.objc; path = ImageDownloader.m; sourceTree = "<group>"; };
		86E58AAB1165E22B009D41A1 /* creature.icns */ = {isa = PBXFileReference; lastKnownFileType = image.icns; name = creature.icns; path = Resources/creature.icns; sourceTree = "<group>"; };
		86E96C5A115EC924003F07CE /* ApplicationController.m */ = {isa = PBXFileReference; fileEncoding = 4; lastKnownFileType = sourcecode.c.objc; name = ApplicationController.m; path = Classes/ApplicationController.m; sourceTree = "<group>"; };
		86E96D4D115EDC33003F07CE /* OpenIndexSheetForDirectory.scpt */ = {isa = PBXFileReference; fileEncoding = 4; lastKnownFileType = sourcecode.scpt; name = OpenIndexSheetForDirectory.scpt; path = Resources/OpenIndexSheetForDirectory.scpt; sourceTree = "<group>"; };
		86E96DB1115EE696003F07CE /* RegexKitLite.h */ = {isa = PBXFileReference; fileEncoding = 4; lastKnownFileType = sourcecode.c.h; name = RegexKitLite.h; path = Classes/RegexKitLite.h; sourceTree = "<group>"; };
		86E96DB2115EE696003F07CE /* RegexKitLite.m */ = {isa = PBXFileReference; fileEncoding = 4; lastKnownFileType = sourcecode.c.objc; name = RegexKitLite.m; path = Classes/RegexKitLite.m; sourceTree = "<group>"; };
		86EED3F112FD762F00002280 /* Defaults.plist */ = {isa = PBXFileReference; fileEncoding = 4; lastKnownFileType = text.plist.xml; name = Defaults.plist; path = Resources/Defaults.plist; sourceTree = "<group>"; };
		86EED5EF12FE10E400002280 /* BWToolkitFramework.framework */ = {isa = PBXFileReference; lastKnownFileType = wrapper.framework; name = BWToolkitFramework.framework; path = External/BWToolkitFramework.framework; sourceTree = "<group>"; };
		8D1107310486CEB800E47090 /* _sheet-Info.plist */ = {isa = PBXFileReference; fileEncoding = 4; lastKnownFileType = text.plist.xml; path = "_sheet-Info.plist"; sourceTree = "<group>"; };
		8D1107320486CEB800E47090 /* 4sho.app */ = {isa = PBXFileReference; explicitFileType = wrapper.application; includeInIndex = 0; path = 4sho.app; sourceTree = BUILT_PRODUCTS_DIR; };
/* End PBXFileReference section */

/* Begin PBXFrameworksBuildPhase section */
		8D11072E0486CEB800E47090 /* Frameworks */ = {
			isa = PBXFrameworksBuildPhase;
			buildActionMask = 2147483647;
			files = (
				8D11072F0486CEB800E47090 /* Cocoa.framework in Frameworks */,
				86EED5F012FE10E400002280 /* BWToolkitFramework.framework in Frameworks */,
				8626395713009E6E00705E01 /* Quartz.framework in Frameworks */,
			);
			runOnlyForDeploymentPostprocessing = 0;
		};
/* End PBXFrameworksBuildPhase section */

/* Begin PBXGroup section */
		080E96DDFE201D6D7F000001 /* Classes */ = {
			isa = PBXGroup;
			children = (
				8626394A13009CDA00705E01 /* ImageBrowserController.h */,
				8626394B13009CDA00705E01 /* ImageBrowserController.m */,
				8688B05912FC6AAE008D34D9 /* DBPrefsWindowController.h */,
				86E96DAD115EE679003F07CE /* RegexKitLite */,
				8688B05A12FC6AAE008D34D9 /* DBPrefsWindowController.m */,
				8688B05B12FC6AAE008D34D9 /* PreferencesController.h */,
				8688B05C12FC6AAE008D34D9 /* PreferencesController.m */,
				256AC3D80F4B6AC300CF3369 /* _sheetAppDelegate.h */,
				86E96C5A115EC924003F07CE /* ApplicationController.m */,
				8688B06A12FC6B24008D34D9 /* ApplicationController.h */,
				256AC3D90F4B6AC300CF3369 /* _sheetAppDelegate.m */,
				86B998B5130318E0008D8891 /* ImageDownloader.h */,
				86B998B6130318E0008D8891 /* ImageDownloader.m */,
			);
			name = Classes;
			sourceTree = "<group>";
		};
		1058C7A0FEA54F0111CA2CBB /* Linked Frameworks */ = {
			isa = PBXGroup;
			children = (
				8626395613009E6E00705E01 /* Quartz.framework */,
				1058C7A1FEA54F0111CA2CBB /* Cocoa.framework */,
			);
			name = "Linked Frameworks";
			sourceTree = "<group>";
		};
		1058C7A2FEA54F0111CA2CBB /* Other Frameworks */ = {
			isa = PBXGroup;
			children = (
				29B97324FDCFA39411CA2CEA /* AppKit.framework */,
				13E42FB307B3F0F600E4EEF1 /* CoreData.framework */,
				29B97325FDCFA39411CA2CEA /* Foundation.framework */,
				86EED5EF12FE10E400002280 /* BWToolkitFramework.framework */,
			);
			name = "Other Frameworks";
			sourceTree = "<group>";
		};
		19C28FACFE9D520D11CA2CBB /* Products */ = {
			isa = PBXGroup;
			children = (
				8D1107320486CEB800E47090 /* 4sho.app */,
			);
			name = Products;
			sourceTree = "<group>";
		};
		29B97314FDCFA39411CA2CEA /* 4sheet */ = {
			isa = PBXGroup;
			children = (
				080E96DDFE201D6D7F000001 /* Classes */,
				29B97315FDCFA39411CA2CEA /* Other Sources */,
				29B97317FDCFA39411CA2CEA /* Resources */,
				29B97323FDCFA39411CA2CEA /* Frameworks */,
				19C28FACFE9D520D11CA2CBB /* Products */,
			);
			name = 4sheet;
			sourceTree = "<group>";
		};
		29B97315FDCFA39411CA2CEA /* Other Sources */ = {
			isa = PBXGroup;
			children = (
				256AC3F00F4B6AF500CF3369 /* _sheet_Prefix.pch */,
				29B97316FDCFA39411CA2CEA /* main.m */,
			);
			name = "Other Sources";
			sourceTree = "<group>";
		};
		29B97317FDCFA39411CA2CEA /* Resources */ = {
			isa = PBXGroup;
			children = (
				8688B07712FC6C87008D34D9 /* Preferences.nib */,
				86E58AAB1165E22B009D41A1 /* creature.icns */,
				86E96D4D115EDC33003F07CE /* OpenIndexSheetForDirectory.scpt */,
				8D1107310486CEB800E47090 /* _sheet-Info.plist */,
				089C165CFE840E0CC02AAC07 /* InfoPlist.strings */,
				1DDD58140DA1D0A300B32029 /* MainMenu.xib */,
				86EED3F112FD762F00002280 /* Defaults.plist */,
			);
			name = Resources;
			sourceTree = "<group>";
		};
		29B97323FDCFA39411CA2CEA /* Frameworks */ = {
			isa = PBXGroup;
			children = (
				1058C7A0FEA54F0111CA2CBB /* Linked Frameworks */,
				1058C7A2FEA54F0111CA2CBB /* Other Frameworks */,
			);
			name = Frameworks;
			sourceTree = "<group>";
		};
		86E96DAD115EE679003F07CE /* RegexKitLite */ = {
			isa = PBXGroup;
			children = (
				86E96DB1115EE696003F07CE /* RegexKitLite.h */,
				86E96DB2115EE696003F07CE /* RegexKitLite.m */,
			);
			name = RegexKitLite;
			sourceTree = "<group>";
		};
/* End PBXGroup section */

/* Begin PBXNativeTarget section */
		8D1107260486CEB800E47090 /* 4sho */ = {
			isa = PBXNativeTarget;
			buildConfigurationList = C01FCF4A08A954540054247B /* Build configuration list for PBXNativeTarget "4sho" */;
			buildPhases = (
				8D1107290486CEB800E47090 /* Resources */,
				8D11072C0486CEB800E47090 /* Sources */,
				8D11072E0486CEB800E47090 /* Frameworks */,
				86D39AE9116A5F8400780462 /* CopyFiles */,
			);
			buildRules = (
			);
			dependencies = (
			);
			name = 4sho;
			productInstallPath = "$(HOME)/Applications";
			productName = 4sheet;
			productReference = 8D1107320486CEB800E47090 /* 4sho.app */;
			productType = "com.apple.product-type.application";
		};
/* End PBXNativeTarget section */

/* Begin PBXProject section */
		29B97313FDCFA39411CA2CEA /* Project object */ = {
			isa = PBXProject;
			buildConfigurationList = C01FCF4E08A954540054247B /* Build configuration list for PBXProject "4sho" */;
			compatibilityVersion = "Xcode 3.1";
			developmentRegion = English;
			hasScannedForEncodings = 1;
			knownRegions = (
				English,
				Japanese,
				French,
				German,
			);
			mainGroup = 29B97314FDCFA39411CA2CEA /* 4sheet */;
			projectDirPath = "";
			projectRoot = "";
			targets = (
				8D1107260486CEB800E47090 /* 4sho */,
			);
		};
/* End PBXProject section */

/* Begin PBXResourcesBuildPhase section */
		8D1107290486CEB800E47090 /* Resources */ = {
			isa = PBXResourcesBuildPhase;
			buildActionMask = 2147483647;
			files = (
				86E96D50115EDC56003F07CE /* OpenIndexSheetForDirectory.scpt in Resources */,
				8D11072B0486CEB800E47090 /* InfoPlist.strings in Resources */,
				1DDD58160DA1D0A300B32029 /* MainMenu.xib in Resources */,
				86E58AAC1165E22B009D41A1 /* creature.icns in Resources */,
				8688B07812FC6C88008D34D9 /* Preferences.nib in Resources */,
				86EED3F212FD762F00002280 /* Defaults.plist in Resources */,
			);
			runOnlyForDeploymentPostprocessing = 0;
		};
/* End PBXResourcesBuildPhase section */

/* Begin PBXSourcesBuildPhase section */
		8D11072C0486CEB800E47090 /* Sources */ = {
			isa = PBXSourcesBuildPhase;
			buildActionMask = 2147483647;
			files = (
				8D11072D0486CEB800E47090 /* main.m in Sources */,
				256AC3DA0F4B6AC300CF3369 /* _sheetAppDelegate.m in Sources */,
				86E96C5B115EC924003F07CE /* ApplicationController.m in Sources */,
				86E96DB3115EE696003F07CE /* RegexKitLite.m in Sources */,
				8688B05D12FC6AAE008D34D9 /* DBPrefsWindowController.m in Sources */,
				8688B05E12FC6AAE008D34D9 /* PreferencesController.m in Sources */,
				8626394C13009CDA00705E01 /* ImageBrowserController.m in Sources */,
				86B998B7130318E0008D8891 /* ImageDownloader.m in Sources */,
			);
			runOnlyForDeploymentPostprocessing = 0;
		};
/* End PBXSourcesBuildPhase section */

/* Begin PBXVariantGroup section */
		089C165CFE840E0CC02AAC07 /* InfoPlist.strings */ = {
			isa = PBXVariantGroup;
			children = (
				089C165DFE840E0CC02AAC07 /* InfoPlist.strings */,
			);
			name = InfoPlist.strings;
			sourceTree = "<group>";
		};
		1DDD58140DA1D0A300B32029 /* MainMenu.xib */ = {
			isa = PBXVariantGroup;
			children = (
				1DDD58150DA1D0A300B32029 /* MainMenu.xib */,
			);
			name = MainMenu.xib;
			path = Resources/English.lproj;
			sourceTree = "<group>";
		};
/* End PBXVariantGroup section */

/* Begin XCBuildConfiguration section */
		C01FCF4B08A954540054247B /* Debug */ = {
			isa = XCBuildConfiguration;
			buildSettings = {
				ALWAYS_SEARCH_USER_PATHS = NO;
				COPY_PHASE_STRIP = NO;
				FRAMEWORK_SEARCH_PATHS = (
					"$(inherited)",
					"\"$(SRCROOT)/../../Downloads/BWToolkit\"",
					"\"$(SRCROOT)/../../.Trash\"",
					"\"$(SRCROOT)/External\"",
				);
				GCC_DYNAMIC_NO_PIC = NO;
				GCC_ENABLE_FIX_AND_CONTINUE = YES;
				GCC_MODEL_TUNING = G5;
				GCC_OPTIMIZATION_LEVEL = 0;
				GCC_PRECOMPILE_PREFIX_HEADER = YES;
				GCC_PREFIX_HEADER = _sheet_Prefix.pch;
				INFOPLIST_FILE = "_sheet-Info.plist";
				INSTALL_PATH = "$(HOME)/Applications";
				OTHER_LDFLAGS = "-licucore";
				PRODUCT_NAME = 4sho;
			};
			name = Debug;
		};
		C01FCF4C08A954540054247B /* Release */ = {
			isa = XCBuildConfiguration;
			buildSettings = {
				ALWAYS_SEARCH_USER_PATHS = NO;
				DEBUG_INFORMATION_FORMAT = "dwarf-with-dsym";
				FRAMEWORK_SEARCH_PATHS = (
					"$(inherited)",
					"\"$(SRCROOT)/External\"",
				);
				GCC_MODEL_TUNING = G5;
				GCC_PRECOMPILE_PREFIX_HEADER = YES;
				GCC_PREFIX_HEADER = _sheet_Prefix.pch;
				INFOPLIST_FILE = "_sheet-Info.plist";
				INSTALL_PATH = "$(HOME)/Applications";
				OTHER_LDFLAGS = "-licucore";
				PRODUCT_NAME = 4sho;
			};
			name = Release;
		};
		C01FCF4F08A954540054247B /* Debug */ = {
			isa = XCBuildConfiguration;
			buildSettings = {
				ARCHS = "$(ARCHS_STANDARD_32_64_BIT)";
				GCC_C_LANGUAGE_STANDARD = gnu99;
				GCC_OPTIMIZATION_LEVEL = 0;
				GCC_WARN_ABOUT_RETURN_TYPE = YES;
				GCC_WARN_UNUSED_VARIABLE = YES;
				ONLY_ACTIVE_ARCH = YES;
				PREBINDING = NO;
				SDKROOT = macosx10.6;
			};
			name = Debug;
		};
		C01FCF5008A954540054247B /* Release */ = {
			isa = XCBuildConfiguration;
			buildSettings = {
				ARCHS = "$(ARCHS_STANDARD_32_64_BIT)";
				GCC_C_LANGUAGE_STANDARD = gnu99;
				GCC_WARN_ABOUT_RETURN_TYPE = YES;
				GCC_WARN_UNUSED_VARIABLE = YES;
				PREBINDING = NO;
				SDKROOT = macosx10.6;
			};
			name = Release;
		};
/* End XCBuildConfiguration section */

/* Begin XCConfigurationList section */
		C01FCF4A08A954540054247B /* Build configuration list for PBXNativeTarget "4sho" */ = {
			isa = XCConfigurationList;
			buildConfigurations = (
				C01FCF4B08A954540054247B /* Debug */,
				C01FCF4C08A954540054247B /* Release */,
			);
			defaultConfigurationIsVisible = 0;
			defaultConfigurationName = Release;
		};
		C01FCF4E08A954540054247B /* Build configuration list for PBXProject "4sho" */ = {
			isa = XCConfigurationList;
			buildConfigurations = (
				C01FCF4F08A954540054247B /* Debug */,
				C01FCF5008A954540054247B /* Release */,
			);
			defaultConfigurationIsVisible = 0;
			defaultConfigurationName = Release;
		};
/* End XCConfigurationList section */
	};
	rootObject = 29B97313FDCFA39411CA2CEA /* Project object */;
}
